// !$*UTF8*$!
{
	archiveVersion = 1;
	classes = {
	};
	objectVersion = 46;
	objects = {

/* Begin PBXBuildFile section */
		97E1246C1C5D6D1F0047FD44 /* AppDelegate.swift in Sources */ = {isa = PBXBuildFile; fileRef = 97E1246B1C5D6D1F0047FD44 /* AppDelegate.swift */; };
		97E1246E1C5D6D1F0047FD44 /* ViewController.swift in Sources */ = {isa = PBXBuildFile; fileRef = 97E1246D1C5D6D1F0047FD44 /* ViewController.swift */; };
		97E124711C5D6D1F0047FD44 /* Main.storyboard in Resources */ = {isa = PBXBuildFile; fileRef = 97E1246F1C5D6D1F0047FD44 /* Main.storyboard */; };
		97E124731C5D6D1F0047FD44 /* Assets.xcassets in Resources */ = {isa = PBXBuildFile; fileRef = 97E124721C5D6D1F0047FD44 /* Assets.xcassets */; };
		97E124761C5D6D1F0047FD44 /* LaunchScreen.storyboard in Resources */ = {isa = PBXBuildFile; fileRef = 97E124741C5D6D1F0047FD44 /* LaunchScreen.storyboard */; };
		97E124921C5EBCA90047FD44 /* quizTests.swift in Sources */ = {isa = PBXBuildFile; fileRef = 97E124911C5EBCA90047FD44 /* quizTests.swift */; };
		97E124A01C5EBCBF0047FD44 /* quizUITests.swift in Sources */ = {isa = PBXBuildFile; fileRef = 97E1249F1C5EBCBF0047FD44 /* quizUITests.swift */; };
/* End PBXBuildFile section */

/* Begin PBXContainerItemProxy section */
		97E124941C5EBCA90047FD44 /* PBXContainerItemProxy */ = {
			isa = PBXContainerItemProxy;
			containerPortal = 97E124601C5D6D1F0047FD44 /* Project object */;
			proxyType = 1;
			remoteGlobalIDString = 97E124671C5D6D1F0047FD44;
			remoteInfo = quiz;
		};
		97E124A21C5EBCBF0047FD44 /* PBXContainerItemProxy */ = {
			isa = PBXContainerItemProxy;
			containerPortal = 97E124601C5D6D1F0047FD44 /* Project object */;
			proxyType = 1;
			remoteGlobalIDString = 97E124671C5D6D1F0047FD44;
			remoteInfo = quiz;
		};
/* End PBXContainerItemProxy section */

/* Begin PBXFileReference section */
		97E124681C5D6D1F0047FD44 /* quiz.app */ = {isa = PBXFileReference; explicitFileType = wrapper.application; includeInIndex = 0; path = quiz.app; sourceTree = BUILT_PRODUCTS_DIR; };
		97E1246B1C5D6D1F0047FD44 /* AppDelegate.swift */ = {isa = PBXFileReference; lastKnownFileType = sourcecode.swift; path = AppDelegate.swift; sourceTree = "<group>"; };
		97E1246D1C5D6D1F0047FD44 /* ViewController.swift */ = {isa = PBXFileReference; lastKnownFileType = sourcecode.swift; path = ViewController.swift; sourceTree = "<group>"; };
		97E124701C5D6D1F0047FD44 /* Base */ = {isa = PBXFileReference; lastKnownFileType = file.storyboard; name = Base; path = Base.lproj/Main.storyboard; sourceTree = "<group>"; };
		97E124721C5D6D1F0047FD44 /* Assets.xcassets */ = {isa = PBXFileReference; lastKnownFileType = folder.assetcatalog; path = Assets.xcassets; sourceTree = "<group>"; };
		97E124751C5D6D1F0047FD44 /* Base */ = {isa = PBXFileReference; lastKnownFileType = file.storyboard; name = Base; path = Base.lproj/LaunchScreen.storyboard; sourceTree = "<group>"; };
		97E124771C5D6D1F0047FD44 /* Info.plist */ = {isa = PBXFileReference; lastKnownFileType = text.plist.xml; path = Info.plist; sourceTree = "<group>"; };
		97E1248F1C5EBCA90047FD44 /* quizTests.xctest */ = {isa = PBXFileReference; explicitFileType = wrapper.cfbundle; includeInIndex = 0; path = quizTests.xctest; sourceTree = BUILT_PRODUCTS_DIR; };
		97E124911C5EBCA90047FD44 /* quizTests.swift */ = {isa = PBXFileReference; lastKnownFileType = sourcecode.swift; path = quizTests.swift; sourceTree = "<group>"; };
		97E124931C5EBCA90047FD44 /* Info.plist */ = {isa = PBXFileReference; lastKnownFileType = text.plist.xml; path = Info.plist; sourceTree = "<group>"; };
		97E1249D1C5EBCBF0047FD44 /* quizUITests.xctest */ = {isa = PBXFileReference; explicitFileType = wrapper.cfbundle; includeInIndex = 0; path = quizUITests.xctest; sourceTree = BUILT_PRODUCTS_DIR; };
		97E1249F1C5EBCBF0047FD44 /* quizUITests.swift */ = {isa = PBXFileReference; lastKnownFileType = sourcecode.swift; path = quizUITests.swift; sourceTree = "<group>"; };
		97E124A11C5EBCBF0047FD44 /* Info.plist */ = {isa = PBXFileReference; lastKnownFileType = text.plist.xml; path = Info.plist; sourceTree = "<group>"; };
/* End PBXFileReference section */

/* Begin PBXFrameworksBuildPhase section */
		97E124651C5D6D1F0047FD44 /* Frameworks */ = {
			isa = PBXFrameworksBuildPhase;
			buildActionMask = 2147483647;
			files = (
			);
			runOnlyForDeploymentPostprocessing = 0;
		};
		97E1248C1C5EBCA90047FD44 /* Frameworks */ = {
			isa = PBXFrameworksBuildPhase;
			buildActionMask = 2147483647;
			files = (
			);
			runOnlyForDeploymentPostprocessing = 0;
		};
		97E1249A1C5EBCBF0047FD44 /* Frameworks */ = {
			isa = PBXFrameworksBuildPhase;
			buildActionMask = 2147483647;
			files = (
			);
			runOnlyForDeploymentPostprocessing = 0;
		};
/* End PBXFrameworksBuildPhase section */

/* Begin PBXGroup section */
		97E1245F1C5D6D1F0047FD44 = {
			isa = PBXGroup;
			children = (
				97E1246A1C5D6D1F0047FD44 /* quiz */,
				97E124901C5EBCA90047FD44 /* quizTests */,
				97E1249E1C5EBCBF0047FD44 /* quizUITests */,
				97E124691C5D6D1F0047FD44 /* Products */,
			);
			sourceTree = "<group>";
		};
		97E124691C5D6D1F0047FD44 /* Products */ = {
			isa = PBXGroup;
			children = (
				97E124681C5D6D1F0047FD44 /* quiz.app */,
				97E1248F1C5EBCA90047FD44 /* quizTests.xctest */,
				97E1249D1C5EBCBF0047FD44 /* quizUITests.xctest */,
			);
			name = Products;
			sourceTree = "<group>";
		};
		97E1246A1C5D6D1F0047FD44 /* quiz */ = {
			isa = PBXGroup;
			children = (
				97E1246B1C5D6D1F0047FD44 /* AppDelegate.swift */,
				97E1246D1C5D6D1F0047FD44 /* ViewController.swift */,
				97E1246F1C5D6D1F0047FD44 /* Main.storyboard */,
				97E124721C5D6D1F0047FD44 /* Assets.xcassets */,
				97E124741C5D6D1F0047FD44 /* LaunchScreen.storyboard */,
				97E124771C5D6D1F0047FD44 /* Info.plist */,
			);
			path = quiz;
			sourceTree = "<group>";
		};
		97E124901C5EBCA90047FD44 /* quizTests */ = {
			isa = PBXGroup;
			children = (
				97E124911C5EBCA90047FD44 /* quizTests.swift */,
				97E124931C5EBCA90047FD44 /* Info.plist */,
			);
			path = quizTests;
			sourceTree = "<group>";
		};
		97E1249E1C5EBCBF0047FD44 /* quizUITests */ = {
			isa = PBXGroup;
			children = (
				97E1249F1C5EBCBF0047FD44 /* quizUITests.swift */,
				97E124A11C5EBCBF0047FD44 /* Info.plist */,
			);
			path = quizUITests;
			sourceTree = "<group>";
		};
/* End PBXGroup section */

/* Begin PBXNativeTarget section */
		97E124671C5D6D1F0047FD44 /* quiz */ = {
			isa = PBXNativeTarget;
			buildConfigurationList = 97E1247A1C5D6D1F0047FD44 /* Build configuration list for PBXNativeTarget "quiz" */;
			buildPhases = (
				97E124641C5D6D1F0047FD44 /* Sources */,
				97E124651C5D6D1F0047FD44 /* Frameworks */,
				97E124661C5D6D1F0047FD44 /* Resources */,
			);
			buildRules = (
			);
			dependencies = (
			);
			name = quiz;
			productName = quiz;
			productReference = 97E124681C5D6D1F0047FD44 /* quiz.app */;
			productType = "com.apple.product-type.application";
		};
		97E1248E1C5EBCA90047FD44 /* quizTests */ = {
			isa = PBXNativeTarget;
			buildConfigurationList = 97E124981C5EBCA90047FD44 /* Build configuration list for PBXNativeTarget "quizTests" */;
			buildPhases = (
				97E1248B1C5EBCA90047FD44 /* Sources */,
				97E1248C1C5EBCA90047FD44 /* Frameworks */,
				97E1248D1C5EBCA90047FD44 /* Resources */,
			);
			buildRules = (
			);
			dependencies = (
				97E124951C5EBCA90047FD44 /* PBXTargetDependency */,
			);
			name = quizTests;
			productName = quizTests;
			productReference = 97E1248F1C5EBCA90047FD44 /* quizTests.xctest */;
			productType = "com.apple.product-type.bundle.unit-test";
		};
		97E1249C1C5EBCBF0047FD44 /* quizUITests */ = {
			isa = PBXNativeTarget;
			buildConfigurationList = 97E124A41C5EBCBF0047FD44 /* Build configuration list for PBXNativeTarget "quizUITests" */;
			buildPhases = (
				97E124991C5EBCBF0047FD44 /* Sources */,
				97E1249A1C5EBCBF0047FD44 /* Frameworks */,
				97E1249B1C5EBCBF0047FD44 /* Resources */,
			);
			buildRules = (
			);
			dependencies = (
				97E124A31C5EBCBF0047FD44 /* PBXTargetDependency */,
			);
			name = quizUITests;
			productName = quizUITests;
			productReference = 97E1249D1C5EBCBF0047FD44 /* quizUITests.xctest */;
			productType = "com.apple.product-type.bundle.ui-testing";
		};
/* End PBXNativeTarget section */

/* Begin PBXProject section */
		97E124601C5D6D1F0047FD44 /* Project object */ = {
			isa = PBXProject;
			attributes = {
				LastSwiftUpdateCheck = 0720;
				LastUpgradeCheck = 0720;
				ORGANIZATIONNAME = "Aaron Williamson";
				TargetAttributes = {
					97E124671C5D6D1F0047FD44 = {
						CreatedOnToolsVersion = 7.2;
					};
					97E1248E1C5EBCA90047FD44 = {
						CreatedOnToolsVersion = 7.2;
						TestTargetID = 97E124671C5D6D1F0047FD44;
					};
					97E1249C1C5EBCBF0047FD44 = {
						CreatedOnToolsVersion = 7.2;
						TestTargetID = 97E124671C5D6D1F0047FD44;
					};
				};
			};
			buildConfigurationList = 97E124631C5D6D1F0047FD44 /* Build configuration list for PBXProject "quiz" */;
			compatibilityVersion = "Xcode 3.2";
			developmentRegion = English;
			hasScannedForEncodings = 0;
			knownRegions = (
				en,
				Base,
			);
			mainGroup = 97E1245F1C5D6D1F0047FD44;
			productRefGroup = 97E124691C5D6D1F0047FD44 /* Products */;
			projectDirPath = "";
			projectRoot = "";
			targets = (
				97E124671C5D6D1F0047FD44 /* quiz */,
				97E1248E1C5EBCA90047FD44 /* quizTests */,
				97E1249C1C5EBCBF0047FD44 /* quizUITests */,
			);
		};
/* End PBXProject section */

/* Begin PBXResourcesBuildPhase section */
		97E124661C5D6D1F0047FD44 /* Resources */ = {
			isa = PBXResourcesBuildPhase;
			buildActionMask = 2147483647;
			files = (
				97E124761C5D6D1F0047FD44 /* LaunchScreen.storyboard in Resources */,
				97E124731C5D6D1F0047FD44 /* Assets.xcassets in Resources */,
				97E124711C5D6D1F0047FD44 /* Main.storyboard in Resources */,
			);
			runOnlyForDeploymentPostprocessing = 0;
		};
		97E1248D1C5EBCA90047FD44 /* Resources */ = {
			isa = PBXResourcesBuildPhase;
			buildActionMask = 2147483647;
			files = (
			);
			runOnlyForDeploymentPostprocessing = 0;
		};
		97E1249B1C5EBCBF0047FD44 /* Resources */ = {
			isa = PBXResourcesBuildPhase;
			buildActionMask = 2147483647;
			files = (
			);
			runOnlyForDeploymentPostprocessing = 0;
		};
/* End PBXResourcesBuildPhase section */

/* Begin PBXSourcesBuildPhase section */
		97E124641C5D6D1F0047FD44 /* Sources */ = {
			isa = PBXSourcesBuildPhase;
			buildActionMask = 2147483647;
			files = (
				97E1246E1C5D6D1F0047FD44 /* ViewController.swift in Sources */,
				97E1246C1C5D6D1F0047FD44 /* AppDelegate.swift in Sources */,
			);
			runOnlyForDeploymentPostprocessing = 0;
		};
		97E1248B1C5EBCA90047FD44 /* Sources */ = {
			isa = PBXSourcesBuildPhase;
			buildActionMask = 2147483647;
			files = (
				97E124921C5EBCA90047FD44 /* quizTests.swift in Sources */,
			);
			runOnlyForDeploymentPostprocessing = 0;
		};
		97E124991C5EBCBF0047FD44 /* Sources */ = {
			isa = PBXSourcesBuildPhase;
			buildActionMask = 2147483647;
			files = (
				97E124A01C5EBCBF0047FD44 /* quizUITests.swift in Sources */,
			);
			runOnlyForDeploymentPostprocessing = 0;
		};
/* End PBXSourcesBuildPhase section */

/* Begin PBXTargetDependency section */
		97E124951C5EBCA90047FD44 /* PBXTargetDependency */ = {
			isa = PBXTargetDependency;
			target = 97E124671C5D6D1F0047FD44 /* quiz */;
			targetProxy = 97E124941C5EBCA90047FD44 /* PBXContainerItemProxy */;
		};
		97E124A31C5EBCBF0047FD44 /* PBXTargetDependency */ = {
			isa = PBXTargetDependency;
			target = 97E124671C5D6D1F0047FD44 /* quiz */;
			targetProxy = 97E124A21C5EBCBF0047FD44 /* PBXContainerItemProxy */;
		};
/* End PBXTargetDependency section */

/* Begin PBXVariantGroup section */
		97E1246F1C5D6D1F0047FD44 /* Main.storyboard */ = {
			isa = PBXVariantGroup;
			children = (
				97E124701C5D6D1F0047FD44 /* Base */,
			);
			name = Main.storyboard;
			sourceTree = "<group>";
		};
		97E124741C5D6D1F0047FD44 /* LaunchScreen.storyboard */ = {
			isa = PBXVariantGroup;
			children = (
				97E124751C5D6D1F0047FD44 /* Base */,
			);
			name = LaunchScreen.storyboard;
			sourceTree = "<group>";
		};
/* End PBXVariantGroup section */

/* Begin XCBuildConfiguration section */
		97E124781C5D6D1F0047FD44 /* Debug */ = {
			isa = XCBuildConfiguration;
			buildSettings = {
				ALWAYS_SEARCH_USER_PATHS = NO;
				CLANG_CXX_LANGUAGE_STANDARD = "gnu++0x";
				CLANG_CXX_LIBRARY = "libc++";
				CLANG_ENABLE_MODULES = YES;
				CLANG_ENABLE_OBJC_ARC = YES;
				CLANG_WARN_BOOL_CONVERSION = YES;
				CLANG_WARN_CONSTANT_CONVERSION = YES;
				CLANG_WARN_DIRECT_OBJC_ISA_USAGE = YES_ERROR;
				CLANG_WARN_EMPTY_BODY = YES;
				CLANG_WARN_ENUM_CONVERSION = YES;
				CLANG_WARN_INT_CONVERSION = YES;
				CLANG_WARN_OBJC_ROOT_CLASS = YES_ERROR;
				CLANG_WARN_UNREACHABLE_CODE = YES;
				CLANG_WARN__DUPLICATE_METHOD_MATCH = YES;
				"CODE_SIGN_IDENTITY[sdk=iphoneos*]" = "iPhone Developer";
				COPY_PHASE_STRIP = NO;
				DEBUG_INFORMATION_FORMAT = dwarf;
				ENABLE_STRICT_OBJC_MSGSEND = YES;
				ENABLE_TESTABILITY = YES;
				GCC_C_LANGUAGE_STANDARD = gnu99;
				GCC_DYNAMIC_NO_PIC = NO;
				GCC_NO_COMMON_BLOCKS = YES;
				GCC_OPTIMIZATION_LEVEL = 0;
				GCC_PREPROCESSOR_DEFINITIONS = (
					"DEBUG=1",
					"$(inherited)",
				);
				GCC_WARN_64_TO_32_BIT_CONVERSION = YES;
				GCC_WARN_ABOUT_RETURN_TYPE = YES_ERROR;
				GCC_WARN_UNDECLARED_SELECTOR = YES;
				GCC_WARN_UNINITIALIZED_AUTOS = YES_AGGRESSIVE;
				GCC_WARN_UNUSED_FUNCTION = YES;
				GCC_WARN_UNUSED_VARIABLE = YES;
				IPHONEOS_DEPLOYMENT_TARGET = 9.2;
				MTL_ENABLE_DEBUG_INFO = YES;
				ONLY_ACTIVE_ARCH = YES;
				SDKROOT = iphoneos;
				SWIFT_OPTIMIZATION_LEVEL = "-Onone";
			};
			name = Debug;
		};
		97E124791C5D6D1F0047FD44 /* Release */ = {
			isa = XCBuildConfiguration;
			buildSettings = {
				ALWAYS_SEARCH_USER_PATHS = NO;
				CLANG_CXX_LANGUAGE_STANDARD = "gnu++0x";
				CLANG_CXX_LIBRARY = "libc++";
				CLANG_ENABLE_MODULES = YES;
				CLANG_ENABLE_OBJC_ARC = YES;
				CLANG_WARN_BOOL_CONVERSION = YES;
				CLANG_WARN_CONSTANT_CONVERSION = YES;
				CLANG_WARN_DIRECT_OBJC_ISA_USAGE = YES_ERROR;
				CLANG_WARN_EMPTY_BODY = YES;
				CLANG_WARN_ENUM_CONVERSION = YES;
				CLANG_WARN_INT_CONVERSION = YES;
				CLANG_WARN_OBJC_ROOT_CLASS = YES_ERROR;
				CLANG_WARN_UNREACHABLE_CODE = YES;
				CLANG_WARN__DUPLICATE_METHOD_MATCH = YES;
				"CODE_SIGN_IDENTITY[sdk=iphoneos*]" = "iPhone Developer";
				COPY_PHASE_STRIP = NO;
				DEBUG_INFORMATION_FORMAT = "dwarf-with-dsym";
				ENABLE_NS_ASSERTIONS = NO;
				ENABLE_STRICT_OBJC_MSGSEND = YES;
				GCC_C_LANGUAGE_STANDARD = gnu99;
				GCC_NO_COMMON_BLOCKS = YES;
				GCC_WARN_64_TO_32_BIT_CONVERSION = YES;
				GCC_WARN_ABOUT_RETURN_TYPE = YES_ERROR;
				GCC_WARN_UNDECLARED_SELECTOR = YES;
				GCC_WARN_UNINITIALIZED_AUTOS = YES_AGGRESSIVE;
				GCC_WARN_UNUSED_FUNCTION = YES;
				GCC_WARN_UNUSED_VARIABLE = YES;
				IPHONEOS_DEPLOYMENT_TARGET = 9.2;
				MTL_ENABLE_DEBUG_INFO = NO;
				SDKROOT = iphoneos;
				VALIDATE_PRODUCT = YES;
			};
			name = Release;
		};
		97E1247B1C5D6D1F0047FD44 /* Debug */ = {
			isa = XCBuildConfiguration;
			buildSettings = {
				ASSETCATALOG_COMPILER_APPICON_NAME = AppIcon;
				INFOPLIST_FILE = quiz/Info.plist;
				LD_RUNPATH_SEARCH_PATHS = "$(inherited) @executable_path/Frameworks";
				PRODUCT_BUNDLE_IDENTIFIER = com.example.quiz;
				PRODUCT_NAME = "$(TARGET_NAME)";
			};
			name = Debug;
		};
		97E1247C1C5D6D1F0047FD44 /* Release */ = {
			isa = XCBuildConfiguration;
			buildSettings = {
				ASSETCATALOG_COMPILER_APPICON_NAME = AppIcon;
				INFOPLIST_FILE = quiz/Info.plist;
				LD_RUNPATH_SEARCH_PATHS = "$(inherited) @executable_path/Frameworks";
				PRODUCT_BUNDLE_IDENTIFIER = com.example.quiz;
				PRODUCT_NAME = "$(TARGET_NAME)";
			};
			name = Release;
		};
		97E124961C5EBCA90047FD44 /* Debug */ = {
			isa = XCBuildConfiguration;
			buildSettings = {
				BUNDLE_LOADER = "$(TEST_HOST)";
				INFOPLIST_FILE = quizTests/Info.plist;
				LD_RUNPATH_SEARCH_PATHS = "$(inherited) @executable_path/Frameworks @loader_path/Frameworks";
				PRODUCT_BUNDLE_IDENTIFIER = com.example.quizTests;
				PRODUCT_NAME = "$(TARGET_NAME)";
				TEST_HOST = "$(BUILT_PRODUCTS_DIR)/quiz.app/quiz";
			};
			name = Debug;
		};
		97E124971C5EBCA90047FD44 /* Release */ = {
			isa = XCBuildConfiguration;
			buildSettings = {
				BUNDLE_LOADER = "$(TEST_HOST)";
				INFOPLIST_FILE = quizTests/Info.plist;
				LD_RUNPATH_SEARCH_PATHS = "$(inherited) @executable_path/Frameworks @loader_path/Frameworks";
				PRODUCT_BUNDLE_IDENTIFIER = com.example.quizTests;
				PRODUCT_NAME = "$(TARGET_NAME)";
				TEST_HOST = "$(BUILT_PRODUCTS_DIR)/quiz.app/quiz";
			};
			name = Release;
		};
		97E124A51C5EBCBF0047FD44 /* Debug */ = {
			isa = XCBuildConfiguration;
			buildSettings = {
				INFOPLIST_FILE = quizUITests/Info.plist;
				LD_RUNPATH_SEARCH_PATHS = "$(inherited) @executable_path/Frameworks @loader_path/Frameworks";
				PRODUCT_BUNDLE_IDENTIFIER = com.example.quizUITests;
				PRODUCT_NAME = "$(TARGET_NAME)";
				TEST_TARGET_NAME = quiz;
				USES_XCTRUNNER = YES;
			};
			name = Debug;
		};
		97E124A61C5EBCBF0047FD44 /* Release */ = {
			isa = XCBuildConfiguration;
			buildSettings = {
				INFOPLIST_FILE = quizUITests/Info.plist;
				LD_RUNPATH_SEARCH_PATHS = "$(inherited) @executable_path/Frameworks @loader_path/Frameworks";
				PRODUCT_BUNDLE_IDENTIFIER = com.example.quizUITests;
				PRODUCT_NAME = "$(TARGET_NAME)";
				TEST_TARGET_NAME = quiz;
				USES_XCTRUNNER = YES;
			};
			name = Release;
		};
/* End XCBuildConfiguration section */

/* Begin XCConfigurationList section */
		97E124631C5D6D1F0047FD44 /* Build configuration list for PBXProject "quiz" */ = {
			isa = XCConfigurationList;
			buildConfigurations = (
				97E124781C5D6D1F0047FD44 /* Debug */,
				97E124791C5D6D1F0047FD44 /* Release */,
			);
			defaultConfigurationIsVisible = 0;
			defaultConfigurationName = Release;
		};
		97E1247A1C5D6D1F0047FD44 /* Build configuration list for PBXNativeTarget "quiz" */ = {
			isa = XCConfigurationList;
			buildConfigurations = (
				97E1247B1C5D6D1F0047FD44 /* Debug */,
				97E1247C1C5D6D1F0047FD44 /* Release */,
			);
			defaultConfigurationIsVisible = 0;
			defaultConfigurationName = Release;
		};
		97E124981C5EBCA90047FD44 /* Build configuration list for PBXNativeTarget "quizTests" */ = {
			isa = XCConfigurationList;
			buildConfigurations = (
				97E124961C5EBCA90047FD44 /* Debug */,
				97E124971C5EBCA90047FD44 /* Release */,
			);
			defaultConfigurationIsVisible = 0;
			defaultConfigurationName = Release;
		};
		97E124A41C5EBCBF0047FD44 /* Build configuration list for PBXNativeTarget "quizUITests" */ = {
			isa = XCConfigurationList;
			buildConfigurations = (
				97E124A51C5EBCBF0047FD44 /* Debug */,
				97E124A61C5EBCBF0047FD44 /* Release */,
			);
			defaultConfigurationIsVisible = 0;
			defaultConfigurationName = Release;
		};
/* End XCConfigurationList section */
	};
	rootObject = 97E124601C5D6D1F0047FD44 /* Project object */;
}
